
Microsoft Visual Studio Solution File, Format Version 12.00
# Visual Studio Version 17
VisualStudioVersion = 17.5.33502.453
MinimumVisualStudioVersion = 10.0.40219.1
Project("{FAE04EC0-301F-11D3-BF4B-00C04F79EFBC}") = "BeautyRoom", "BeautyRoom\BeautyRoom.csproj", "{AA524618-626A-4C9C-9F53-D99C2C521187}"
EndProject
Global
	GlobalSection(SolutionConfigurationPlatforms) = preSolution
		Debug|Any CPU = Debug|Any CPU
		Release|Any CPU = Release|Any CPU
	EndGlobalSection
	GlobalSection(ProjectConfigurationPlatforms) = postSolution
		{AA524618-626A-4C9C-9F53-D99C2C521187}.Debug|Any CPU.ActiveCfg = Debug|Any CPU
		{AA524618-626A-4C9C-9F53-D99C2C521187}.Debug|Any CPU.Build.0 = Debug|Any CPU
		{AA524618-626A-4C9C-9F53-D99C2C521187}.Release|Any CPU.ActiveCfg = Release|Any CPU
		{AA524618-626A-4C9C-9F53-D99C2C521187}.Release|Any CPU.Build.0 = Release|Any CPU
	EndGlobalSection
	GlobalSection(SolutionProperties) = preSolution
		HideSolutionNode = FALSE
	EndGlobalSection
	GlobalSection(ExtensibilityGlobals) = postSolution
		SolutionGuid = {7D09D004-93D3-43C8-A4E2-6CF9DB10F972}
	EndGlobalSection
EndGlobal
